// !$*UTF8*$!
{
	archiveVersion = 1;
	classes = {
	};
	objectVersion = 46;
	objects = {

/* Begin PBXBuildFile section */
		B3A490241AAE646200886C25 /* NSDateExtension.swift in Sources */ = {isa = PBXBuildFile; fileRef = B3A490231AAE646200886C25 /* NSDateExtension.swift */; };
		B5225CA21A959A1E002DF870 /* SettingsViewController.swift in Sources */ = {isa = PBXBuildFile; fileRef = B5225CA11A959A1E002DF870 /* SettingsViewController.swift */; };
		B5286EEB1BAB2C9900E47E05 /* NetworkActivityViewController.swift in Sources */ = {isa = PBXBuildFile; fileRef = B5286EEA1BAB2C9900E47E05 /* NetworkActivityViewController.swift */; };
		B536E5141B82F27D00A1D286 /* AccountService.swift in Sources */ = {isa = PBXBuildFile; fileRef = B536E5131B82F27D00A1D286 /* AccountService.swift */; };
		B536E5161B83006500A1D286 /* AccountEMIService.swift in Sources */ = {isa = PBXBuildFile; fileRef = B536E5151B83006500A1D286 /* AccountEMIService.swift */; };
		B536E5181B83C72400A1D286 /* LicensePlate.swift in Sources */ = {isa = PBXBuildFile; fileRef = B536E5171B83C72400A1D286 /* LicensePlate.swift */; };
		B536E51A1B83EF7000A1D286 /* ParkingInformationService.swift in Sources */ = {isa = PBXBuildFile; fileRef = B536E5191B83EF7000A1D286 /* ParkingInformationService.swift */; };
		B536E51C1B84F41C00A1D286 /* Parking.swift in Sources */ = {isa = PBXBuildFile; fileRef = B536E51B1B84F41C00A1D286 /* Parking.swift */; };
		B53E5E661BA1103C00C66B3B /* Settings.swift in Sources */ = {isa = PBXBuildFile; fileRef = B53E5E651BA1103C00C66B3B /* Settings.swift */; };
		B540C4AD1A91C6D000863944 /* ConsumoTableViewCell.swift in Sources */ = {isa = PBXBuildFile; fileRef = B540C4AC1A91C6D000863944 /* ConsumoTableViewCell.swift */; };
		B540C4AF1A91C71A00863944 /* CreditoTableViewCell.swift in Sources */ = {isa = PBXBuildFile; fileRef = B540C4AE1A91C71A00863944 /* CreditoTableViewCell.swift */; };
		B540C4B21A91C97100863944 /* Credit.swift in Sources */ = {isa = PBXBuildFile; fileRef = B540C4B11A91C97100863944 /* Credit.swift */; };
		B540C4B41A91C98800863944 /* Debit.swift in Sources */ = {isa = PBXBuildFile; fileRef = B540C4B31A91C98800863944 /* Debit.swift */; };
		B5497BAF1BD1316C0037EF0C /* InfoPlist.strings in Resources */ = {isa = PBXBuildFile; fileRef = B5497BB11BD1316C0037EF0C /* InfoPlist.strings */; };
		B5497BB41BD1316C0037EF0C /* InfoPlist.strings in Resources */ = {isa = PBXBuildFile; fileRef = B5497BB61BD1316C0037EF0C /* InfoPlist.strings */; };
		B55C0B621BA73DF100C4F0F0 /* LoadingView.xib in Resources */ = {isa = PBXBuildFile; fileRef = B55C0B611BA73DF100C4F0F0 /* LoadingView.xib */; };
		B55C0B641BA73FA300C4F0F0 /* LoadingView.swift in Sources */ = {isa = PBXBuildFile; fileRef = B55C0B631BA73FA300C4F0F0 /* LoadingView.swift */; };
		B58B47C61BC3528900CE6221 /* CreditBalanceHeaderView.swift in Sources */ = {isa = PBXBuildFile; fileRef = B58B47C51BC3528900CE6221 /* CreditBalanceHeaderView.swift */; };
		B58B47C81BC35C8B00CE6221 /* CreditBalanceHeaderView.xib in Resources */ = {isa = PBXBuildFile; fileRef = B58B47C71BC35C8B00CE6221 /* CreditBalanceHeaderView.xib */; };
		B58B80C71BCB8C7100C3D2BB /* Localizable.strings in Resources */ = {isa = PBXBuildFile; fileRef = B58B80C91BCB8C7100C3D2BB /* Localizable.strings */; };
		B58F277A1B90EF9500E05702 /* MainTabBarViewController.swift in Sources */ = {isa = PBXBuildFile; fileRef = B58F27791B90EF9500E05702 /* MainTabBarViewController.swift */; };
		B58F277C1B90F2C000E05702 /* EMIColorsExtension.swift in Sources */ = {isa = PBXBuildFile; fileRef = B58F277B1B90F2C000E05702 /* EMIColorsExtension.swift */; };
		B58F27861B97721A00E05702 /* CreditBalanceView.swift in Sources */ = {isa = PBXBuildFile; fileRef = B58F27851B97721A00E05702 /* CreditBalanceView.swift */; };
		B5974C531B883B3B001BAA97 /* ParkingTime.swift in Sources */ = {isa = PBXBuildFile; fileRef = B5974C521B883B3B001BAA97 /* ParkingTime.swift */; };
		B5974C551B883BE3001BAA97 /* ParkingLocation.swift in Sources */ = {isa = PBXBuildFile; fileRef = B5974C541B883BE3001BAA97 /* ParkingLocation.swift */; };
		B5974C571B88421F001BAA97 /* ParkingInformationEMIService.swift in Sources */ = {isa = PBXBuildFile; fileRef = B5974C561B88421F001BAA97 /* ParkingInformationEMIService.swift */; };
		B5974C591B89201E001BAA97 /* ParkingCloseService.swift in Sources */ = {isa = PBXBuildFile; fileRef = B5974C581B89201E001BAA97 /* ParkingCloseService.swift */; };
		B5974C5B1B8922A6001BAA97 /* ParkingCloseEMIService.swift in Sources */ = {isa = PBXBuildFile; fileRef = B5974C5A1B8922A6001BAA97 /* ParkingCloseEMIService.swift */; };
		B5AD6DC91B754EEE00932A26 /* LoginService.swift in Sources */ = {isa = PBXBuildFile; fileRef = B5AD6DC81B754EEE00932A26 /* LoginService.swift */; };
		B5AD6DCD1B75847400932A26 /* LoginEMIService.swift in Sources */ = {isa = PBXBuildFile; fileRef = B5AD6DCC1B75847400932A26 /* LoginEMIService.swift */; };
		B5BDAD321A8546F200E31D01 /* BalanceViewController.swift in Sources */ = {isa = PBXBuildFile; fileRef = B5BDAD311A8546F200E31D01 /* BalanceViewController.swift */; };
		B5C367591A92607500851368 /* Transaction.swift in Sources */ = {isa = PBXBuildFile; fileRef = B5C367581A92607500851368 /* Transaction.swift */; };
		B5C3675B1A92ACF100851368 /* EndParkingViewController.swift in Sources */ = {isa = PBXBuildFile; fileRef = B5C3675A1A92ACF100851368 /* EndParkingViewController.swift */; };
		B5C3675D1A938B1F00851368 /* ParkingInformationViewController.swift in Sources */ = {isa = PBXBuildFile; fileRef = B5C3675C1A938B1F00851368 /* ParkingInformationViewController.swift */; };
		B5C70D3B1BC4955C0054CC99 /* CreditBalanceView.xib in Resources */ = {isa = PBXBuildFile; fileRef = B5C70D3D1BC4955C0054CC99 /* CreditBalanceView.xib */; };
		B5CEBD741B6AA34700794CAC /* Images.xcassets in Resources */ = {isa = PBXBuildFile; fileRef = B5CEBD731B6AA34700794CAC /* Images.xcassets */; };
		B5CF48671B8257B200B13EC2 /* EMIService.swift in Sources */ = {isa = PBXBuildFile; fileRef = B5CF48661B8257B200B13EC2 /* EMIService.swift */; };
		B5CF486B1B829D2000B13EC2 /* Service.swift in Sources */ = {isa = PBXBuildFile; fileRef = B5CF486A1B829D2000B13EC2 /* Service.swift */; };
		B5D95C291BBC6F960062E7FA /* SlidingMapView.xib in Resources */ = {isa = PBXBuildFile; fileRef = B5D95C281BBC6F960062E7FA /* SlidingMapView.xib */; };
		B5D95C2B1BBC6FB50062E7FA /* SlidingMapView.swift in Sources */ = {isa = PBXBuildFile; fileRef = B5D95C2A1BBC6FB50062E7FA /* SlidingMapView.swift */; };
		B5FF34771B865605004603D1 /* ParkingGeneral.swift in Sources */ = {isa = PBXBuildFile; fileRef = B5FF34761B865605004603D1 /* ParkingGeneral.swift */; };
		EF163D331A7AABBB00BE4461 /* AppDelegate.swift in Sources */ = {isa = PBXBuildFile; fileRef = EF163D321A7AABBB00BE4461 /* AppDelegate.swift */; };
		EF163D381A7AABBB00BE4461 /* Main.storyboard in Resources */ = {isa = PBXBuildFile; fileRef = EF163D361A7AABBB00BE4461 /* Main.storyboard */; };
		EF163D3D1A7AABBB00BE4461 /* LaunchScreen.xib in Resources */ = {isa = PBXBuildFile; fileRef = EF163D3B1A7AABBB00BE4461 /* LaunchScreen.xib */; };
		EF163D491A7AABBB00BE4461 /* iEMITests.swift in Sources */ = {isa = PBXBuildFile; fileRef = EF163D481A7AABBB00BE4461 /* iEMITests.swift */; };
		EFC014EF1A7FFFD00074560F /* LoginViewController.swift in Sources */ = {isa = PBXBuildFile; fileRef = EFC014EE1A7FFFD00074560F /* LoginViewController.swift */; };
/* End PBXBuildFile section */

/* Begin PBXContainerItemProxy section */
		EF163D431A7AABBB00BE4461 /* PBXContainerItemProxy */ = {
			isa = PBXContainerItemProxy;
			containerPortal = EF163D251A7AABBB00BE4461 /* Project object */;
			proxyType = 1;
			remoteGlobalIDString = EF163D2C1A7AABBB00BE4461;
			remoteInfo = iEMI;
		};
/* End PBXContainerItemProxy section */

/* Begin PBXFileReference section */
		B3A490231AAE646200886C25 /* NSDateExtension.swift */ = {isa = PBXFileReference; fileEncoding = 4; lastKnownFileType = sourcecode.swift; path = NSDateExtension.swift; sourceTree = "<group>"; };
		B5225CA11A959A1E002DF870 /* SettingsViewController.swift */ = {isa = PBXFileReference; fileEncoding = 4; lastKnownFileType = sourcecode.swift; path = SettingsViewController.swift; sourceTree = "<group>"; };
		B5286EEA1BAB2C9900E47E05 /* NetworkActivityViewController.swift */ = {isa = PBXFileReference; fileEncoding = 4; lastKnownFileType = sourcecode.swift; path = NetworkActivityViewController.swift; sourceTree = "<group>"; };
		B536E5131B82F27D00A1D286 /* AccountService.swift */ = {isa = PBXFileReference; fileEncoding = 4; lastKnownFileType = sourcecode.swift; path = AccountService.swift; sourceTree = "<group>"; };
		B536E5151B83006500A1D286 /* AccountEMIService.swift */ = {isa = PBXFileReference; fileEncoding = 4; lastKnownFileType = sourcecode.swift; path = AccountEMIService.swift; sourceTree = "<group>"; };
		B536E5171B83C72400A1D286 /* LicensePlate.swift */ = {isa = PBXFileReference; fileEncoding = 4; lastKnownFileType = sourcecode.swift; path = LicensePlate.swift; sourceTree = "<group>"; };
		B536E5191B83EF7000A1D286 /* ParkingInformationService.swift */ = {isa = PBXFileReference; fileEncoding = 4; lastKnownFileType = sourcecode.swift; path = ParkingInformationService.swift; sourceTree = "<group>"; };
		B536E51B1B84F41C00A1D286 /* Parking.swift */ = {isa = PBXFileReference; fileEncoding = 4; lastKnownFileType = sourcecode.swift; path = Parking.swift; sourceTree = "<group>"; };
		B53E5E651BA1103C00C66B3B /* Settings.swift */ = {isa = PBXFileReference; fileEncoding = 4; lastKnownFileType = sourcecode.swift; path = Settings.swift; sourceTree = "<group>"; };
		B540C4AC1A91C6D000863944 /* ConsumoTableViewCell.swift */ = {isa = PBXFileReference; fileEncoding = 4; lastKnownFileType = sourcecode.swift; lineEnding = 0; path = ConsumoTableViewCell.swift; sourceTree = "<group>"; xcLanguageSpecificationIdentifier = xcode.lang.swift; };
		B540C4AE1A91C71A00863944 /* CreditoTableViewCell.swift */ = {isa = PBXFileReference; fileEncoding = 4; lastKnownFileType = sourcecode.swift; lineEnding = 0; path = CreditoTableViewCell.swift; sourceTree = "<group>"; xcLanguageSpecificationIdentifier = xcode.lang.swift; };
		B540C4B11A91C97100863944 /* Credit.swift */ = {isa = PBXFileReference; fileEncoding = 4; lastKnownFileType = sourcecode.swift; lineEnding = 0; path = Credit.swift; sourceTree = "<group>"; xcLanguageSpecificationIdentifier = xcode.lang.swift; };
		B540C4B31A91C98800863944 /* Debit.swift */ = {isa = PBXFileReference; fileEncoding = 4; lastKnownFileType = sourcecode.swift; lineEnding = 0; path = Debit.swift; sourceTree = "<group>"; xcLanguageSpecificationIdentifier = xcode.lang.swift; };
		B5497BAC1BD1316C0037EF0C /* es */ = {isa = PBXFileReference; lastKnownFileType = text.plist.strings; name = es; path = es.lproj/LaunchScreen.strings; sourceTree = "<group>"; };
		B5497BB01BD1316C0037EF0C /* es */ = {isa = PBXFileReference; lastKnownFileType = text.plist.strings; name = es; path = es.lproj/InfoPlist.strings; sourceTree = "<group>"; };
		B5497BB51BD1316C0037EF0C /* es */ = {isa = PBXFileReference; lastKnownFileType = text.plist.strings; name = es; path = es.lproj/InfoPlist.strings; sourceTree = "<group>"; };
		B5497BB71BD1316D0037EF0C /* es */ = {isa = PBXFileReference; lastKnownFileType = text.plist.strings; name = es; path = es.lproj/CreditBalanceView.strings; sourceTree = "<group>"; };
		B55C0B611BA73DF100C4F0F0 /* LoadingView.xib */ = {isa = PBXFileReference; fileEncoding = 4; lastKnownFileType = file.xib; path = LoadingView.xib; sourceTree = "<group>"; };
		B55C0B631BA73FA300C4F0F0 /* LoadingView.swift */ = {isa = PBXFileReference; fileEncoding = 4; lastKnownFileType = sourcecode.swift; path = LoadingView.swift; sourceTree = "<group>"; };
		B58B47C51BC3528900CE6221 /* CreditBalanceHeaderView.swift */ = {isa = PBXFileReference; fileEncoding = 4; lastKnownFileType = sourcecode.swift; path = CreditBalanceHeaderView.swift; sourceTree = "<group>"; };
		B58B47C71BC35C8B00CE6221 /* CreditBalanceHeaderView.xib */ = {isa = PBXFileReference; fileEncoding = 4; lastKnownFileType = file.xib; path = CreditBalanceHeaderView.xib; sourceTree = "<group>"; };
		B58B80CA1BCC475700C3D2BB /* es */ = {isa = PBXFileReference; lastKnownFileType = text.plist.strings; name = es; path = es.lproj/Main.strings; sourceTree = "<group>"; };
		B58B80CB1BCC475800C3D2BB /* es */ = {isa = PBXFileReference; lastKnownFileType = text.plist.strings; name = es; path = es.lproj/Localizable.strings; sourceTree = "<group>"; };
		B58F27791B90EF9500E05702 /* MainTabBarViewController.swift */ = {isa = PBXFileReference; fileEncoding = 4; lastKnownFileType = sourcecode.swift; path = MainTabBarViewController.swift; sourceTree = "<group>"; };
		B58F277B1B90F2C000E05702 /* EMIColorsExtension.swift */ = {isa = PBXFileReference; fileEncoding = 4; lastKnownFileType = sourcecode.swift; path = EMIColorsExtension.swift; sourceTree = "<group>"; };
		B58F27851B97721A00E05702 /* CreditBalanceView.swift */ = {isa = PBXFileReference; fileEncoding = 4; lastKnownFileType = sourcecode.swift; path = CreditBalanceView.swift; sourceTree = "<group>"; };
		B5974C521B883B3B001BAA97 /* ParkingTime.swift */ = {isa = PBXFileReference; fileEncoding = 4; lastKnownFileType = sourcecode.swift; path = ParkingTime.swift; sourceTree = "<group>"; };
		B5974C541B883BE3001BAA97 /* ParkingLocation.swift */ = {isa = PBXFileReference; fileEncoding = 4; lastKnownFileType = sourcecode.swift; path = ParkingLocation.swift; sourceTree = "<group>"; };
		B5974C561B88421F001BAA97 /* ParkingInformationEMIService.swift */ = {isa = PBXFileReference; fileEncoding = 4; lastKnownFileType = sourcecode.swift; path = ParkingInformationEMIService.swift; sourceTree = "<group>"; };
		B5974C581B89201E001BAA97 /* ParkingCloseService.swift */ = {isa = PBXFileReference; fileEncoding = 4; lastKnownFileType = sourcecode.swift; path = ParkingCloseService.swift; sourceTree = "<group>"; };
		B5974C5A1B8922A6001BAA97 /* ParkingCloseEMIService.swift */ = {isa = PBXFileReference; fileEncoding = 4; lastKnownFileType = sourcecode.swift; path = ParkingCloseEMIService.swift; sourceTree = "<group>"; };
		B5AD6DC81B754EEE00932A26 /* LoginService.swift */ = {isa = PBXFileReference; fileEncoding = 4; lastKnownFileType = sourcecode.swift; path = LoginService.swift; sourceTree = "<group>"; };
		B5AD6DCC1B75847400932A26 /* LoginEMIService.swift */ = {isa = PBXFileReference; fileEncoding = 4; lastKnownFileType = sourcecode.swift; path = LoginEMIService.swift; sourceTree = "<group>"; };
		B5BDAD311A8546F200E31D01 /* BalanceViewController.swift */ = {isa = PBXFileReference; fileEncoding = 4; lastKnownFileType = sourcecode.swift; lineEnding = 0; path = BalanceViewController.swift; sourceTree = "<group>"; xcLanguageSpecificationIdentifier = xcode.lang.swift; };
		B5C367581A92607500851368 /* Transaction.swift */ = {isa = PBXFileReference; fileEncoding = 4; lastKnownFileType = sourcecode.swift; lineEnding = 0; path = Transaction.swift; sourceTree = "<group>"; xcLanguageSpecificationIdentifier = xcode.lang.swift; };
		B5C3675A1A92ACF100851368 /* EndParkingViewController.swift */ = {isa = PBXFileReference; fileEncoding = 4; lastKnownFileType = sourcecode.swift; path = EndParkingViewController.swift; sourceTree = "<group>"; };
		B5C3675C1A938B1F00851368 /* ParkingInformationViewController.swift */ = {isa = PBXFileReference; fileEncoding = 4; lastKnownFileType = sourcecode.swift; path = ParkingInformationViewController.swift; sourceTree = "<group>"; };
		B5C70D3C1BC4955C0054CC99 /* Base */ = {isa = PBXFileReference; lastKnownFileType = file.xib; name = Base; path = Base.lproj/CreditBalanceView.xib; sourceTree = "<group>"; };
		B5CEBD731B6AA34700794CAC /* Images.xcassets */ = {isa = PBXFileReference; lastKnownFileType = folder.assetcatalog; path = Images.xcassets; sourceTree = "<group>"; };
		B5CF48661B8257B200B13EC2 /* EMIService.swift */ = {isa = PBXFileReference; fileEncoding = 4; lastKnownFileType = sourcecode.swift; path = EMIService.swift; sourceTree = "<group>"; };
		B5CF486A1B829D2000B13EC2 /* Service.swift */ = {isa = PBXFileReference; fileEncoding = 4; lastKnownFileType = sourcecode.swift; path = Service.swift; sourceTree = "<group>"; };
		B5D95C281BBC6F960062E7FA /* SlidingMapView.xib */ = {isa = PBXFileReference; fileEncoding = 4; lastKnownFileType = file.xib; path = SlidingMapView.xib; sourceTree = "<group>"; };
		B5D95C2A1BBC6FB50062E7FA /* SlidingMapView.swift */ = {isa = PBXFileReference; fileEncoding = 4; lastKnownFileType = sourcecode.swift; path = SlidingMapView.swift; sourceTree = "<group>"; };
		B5FF34761B865605004603D1 /* ParkingGeneral.swift */ = {isa = PBXFileReference; fileEncoding = 4; lastKnownFileType = sourcecode.swift; path = ParkingGeneral.swift; sourceTree = "<group>"; };
		EF163D2D1A7AABBB00BE4461 /* iEMI.app */ = {isa = PBXFileReference; explicitFileType = wrapper.application; includeInIndex = 0; path = iEMI.app; sourceTree = BUILT_PRODUCTS_DIR; };
		EF163D311A7AABBB00BE4461 /* Info.plist */ = {isa = PBXFileReference; lastKnownFileType = text.plist.xml; path = Info.plist; sourceTree = "<group>"; };
		EF163D321A7AABBB00BE4461 /* AppDelegate.swift */ = {isa = PBXFileReference; lastKnownFileType = sourcecode.swift; path = AppDelegate.swift; sourceTree = "<group>"; };
		EF163D371A7AABBB00BE4461 /* Base */ = {isa = PBXFileReference; lastKnownFileType = file.storyboard; name = Base; path = Base.lproj/Main.storyboard; sourceTree = "<group>"; };
		EF163D3C1A7AABBB00BE4461 /* Base */ = {isa = PBXFileReference; lastKnownFileType = file.xib; name = Base; path = Base.lproj/LaunchScreen.xib; sourceTree = "<group>"; };
		EF163D421A7AABBB00BE4461 /* iEMITests.xctest */ = {isa = PBXFileReference; explicitFileType = wrapper.cfbundle; includeInIndex = 0; path = iEMITests.xctest; sourceTree = BUILT_PRODUCTS_DIR; };
		EF163D471A7AABBB00BE4461 /* Info.plist */ = {isa = PBXFileReference; lastKnownFileType = text.plist.xml; path = Info.plist; sourceTree = "<group>"; };
		EF163D481A7AABBB00BE4461 /* iEMITests.swift */ = {isa = PBXFileReference; lastKnownFileType = sourcecode.swift; path = iEMITests.swift; sourceTree = "<group>"; };
		EFC014EE1A7FFFD00074560F /* LoginViewController.swift */ = {isa = PBXFileReference; fileEncoding = 4; lastKnownFileType = sourcecode.swift; path = LoginViewController.swift; sourceTree = "<group>"; };
/* End PBXFileReference section */

/* Begin PBXFrameworksBuildPhase section */
		EF163D2A1A7AABBB00BE4461 /* Frameworks */ = {
			isa = PBXFrameworksBuildPhase;
			buildActionMask = 2147483647;
			files = (
			);
			runOnlyForDeploymentPostprocessing = 0;
		};
		EF163D3F1A7AABBB00BE4461 /* Frameworks */ = {
			isa = PBXFrameworksBuildPhase;
			buildActionMask = 2147483647;
			files = (
			);
			runOnlyForDeploymentPostprocessing = 0;
		};
/* End PBXFrameworksBuildPhase section */

/* Begin PBXGroup section */
		B540C4AB1A91C69B00863944 /* Views */ = {
			isa = PBXGroup;
			children = (
				B58F27811B97719E00E05702 /* Storyboards and XIBs */,
				B58F27821B9771AF00E05702 /* Code */,
			);
			name = Views;
			sourceTree = "<group>";
		};
		B540C4B01A91C8EB00863944 /* Models */ = {
			isa = PBXGroup;
			children = (
				B540C4B11A91C97100863944 /* Credit.swift */,
				B540C4B31A91C98800863944 /* Debit.swift */,
				B5C367581A92607500851368 /* Transaction.swift */,
				B536E5171B83C72400A1D286 /* LicensePlate.swift */,
				B536E51B1B84F41C00A1D286 /* Parking.swift */,
				B5FF34761B865605004603D1 /* ParkingGeneral.swift */,
				B5974C521B883B3B001BAA97 /* ParkingTime.swift */,
				B5974C541B883BE3001BAA97 /* ParkingLocation.swift */,
				B53E5E651BA1103C00C66B3B /* Settings.swift */,
			);
			name = Models;
			sourceTree = "<group>";
		};
		B58F27811B97719E00E05702 /* Storyboards and XIBs */ = {
			isa = PBXGroup;
			children = (
				EF163D361A7AABBB00BE4461 /* Main.storyboard */,
				EF163D3B1A7AABBB00BE4461 /* LaunchScreen.xib */,
				B5C70D3D1BC4955C0054CC99 /* CreditBalanceView.xib */,
				B55C0B611BA73DF100C4F0F0 /* LoadingView.xib */,
				B5D95C281BBC6F960062E7FA /* SlidingMapView.xib */,
				B58B47C71BC35C8B00CE6221 /* CreditBalanceHeaderView.xib */,
			);
			name = "Storyboards and XIBs";
			sourceTree = "<group>";
		};
		B58F27821B9771AF00E05702 /* Code */ = {
			isa = PBXGroup;
			children = (
				B540C4AC1A91C6D000863944 /* ConsumoTableViewCell.swift */,
				B540C4AE1A91C71A00863944 /* CreditoTableViewCell.swift */,
				B58F27851B97721A00E05702 /* CreditBalanceView.swift */,
				B55C0B631BA73FA300C4F0F0 /* LoadingView.swift */,
				B5D95C2A1BBC6FB50062E7FA /* SlidingMapView.swift */,
				B58B47C51BC3528900CE6221 /* CreditBalanceHeaderView.swift */,
			);
			name = Code;
			sourceTree = "<group>";
		};
		B5AD6DC41B754DC300932A26 /* Controllers */ = {
			isa = PBXGroup;
			children = (
				EFC014EE1A7FFFD00074560F /* LoginViewController.swift */,
				B5BDAD311A8546F200E31D01 /* BalanceViewController.swift */,
				B5C3675C1A938B1F00851368 /* ParkingInformationViewController.swift */,
				B5C3675A1A92ACF100851368 /* EndParkingViewController.swift */,
				B5225CA11A959A1E002DF870 /* SettingsViewController.swift */,
				B58F27791B90EF9500E05702 /* MainTabBarViewController.swift */,
				B5286EEA1BAB2C9900E47E05 /* NetworkActivityViewController.swift */,
			);
			name = Controllers;
			sourceTree = "<group>";
		};
		B5AD6DC51B754E0700932A26 /* Helpers */ = {
			isa = PBXGroup;
			children = (
				B3A490231AAE646200886C25 /* NSDateExtension.swift */,
				B58F277B1B90F2C000E05702 /* EMIColorsExtension.swift */,
			);
			name = Helpers;
			sourceTree = "<group>";
		};
		B5AD6DC71B754E7800932A26 /* Service */ = {
			isa = PBXGroup;
			children = (
				B5CF48631B7BF61C00B13EC2 /* Interfaces */,
				B5CF48641B7BF63200B13EC2 /* Implementations */,
			);
			name = Service;
			sourceTree = "<group>";
		};
		B5CF48631B7BF61C00B13EC2 /* Interfaces */ = {
			isa = PBXGroup;
			children = (
				B5CF486A1B829D2000B13EC2 /* Service.swift */,
				B5AD6DC81B754EEE00932A26 /* LoginService.swift */,
				B536E5131B82F27D00A1D286 /* AccountService.swift */,
				B536E5191B83EF7000A1D286 /* ParkingInformationService.swift */,
				B5974C581B89201E001BAA97 /* ParkingCloseService.swift */,
			);
			name = Interfaces;
			sourceTree = "<group>";
		};
		B5CF48641B7BF63200B13EC2 /* Implementations */ = {
			isa = PBXGroup;
			children = (
				B5CF48661B8257B200B13EC2 /* EMIService.swift */,
				B5AD6DCC1B75847400932A26 /* LoginEMIService.swift */,
				B536E5151B83006500A1D286 /* AccountEMIService.swift */,
				B5974C561B88421F001BAA97 /* ParkingInformationEMIService.swift */,
				B5974C5A1B8922A6001BAA97 /* ParkingCloseEMIService.swift */,
			);
			name = Implementations;
			sourceTree = "<group>";
		};
		EF163D241A7AABBB00BE4461 = {
			isa = PBXGroup;
			children = (
				EF163D2F1A7AABBB00BE4461 /* iEMI */,
				EF163D451A7AABBB00BE4461 /* iEMITests */,
				EF163D2E1A7AABBB00BE4461 /* Products */,
			);
			sourceTree = "<group>";
		};
		EF163D2E1A7AABBB00BE4461 /* Products */ = {
			isa = PBXGroup;
			children = (
				EF163D2D1A7AABBB00BE4461 /* iEMI.app */,
				EF163D421A7AABBB00BE4461 /* iEMITests.xctest */,
			);
			name = Products;
			sourceTree = "<group>";
		};
		EF163D2F1A7AABBB00BE4461 /* iEMI */ = {
			isa = PBXGroup;
			children = (
				B5AD6DC41B754DC300932A26 /* Controllers */,
				B540C4B01A91C8EB00863944 /* Models */,
				B540C4AB1A91C69B00863944 /* Views */,
				B5AD6DC71B754E7800932A26 /* Service */,
				B5AD6DC51B754E0700932A26 /* Helpers */,
				EF163D321A7AABBB00BE4461 /* AppDelegate.swift */,
				EF163D301A7AABBB00BE4461 /* Supporting Files */,
				B5CEBD731B6AA34700794CAC /* Images.xcassets */,
			);
			path = iEMI;
			sourceTree = "<group>";
		};
		EF163D301A7AABBB00BE4461 /* Supporting Files */ = {
			isa = PBXGroup;
			children = (
				B5497BB11BD1316C0037EF0C /* InfoPlist.strings */,
				B58B80C91BCB8C7100C3D2BB /* Localizable.strings */,
				EF163D311A7AABBB00BE4461 /* Info.plist */,
			);
			name = "Supporting Files";
			sourceTree = "<group>";
		};
		EF163D451A7AABBB00BE4461 /* iEMITests */ = {
			isa = PBXGroup;
			children = (
				EF163D481A7AABBB00BE4461 /* iEMITests.swift */,
				EF163D461A7AABBB00BE4461 /* Supporting Files */,
			);
			path = iEMITests;
			sourceTree = "<group>";
		};
		EF163D461A7AABBB00BE4461 /* Supporting Files */ = {
			isa = PBXGroup;
			children = (
				B5497BB61BD1316C0037EF0C /* InfoPlist.strings */,
				EF163D471A7AABBB00BE4461 /* Info.plist */,
			);
			name = "Supporting Files";
			sourceTree = "<group>";
		};
/* End PBXGroup section */

/* Begin PBXNativeTarget section */
		EF163D2C1A7AABBB00BE4461 /* iEMI */ = {
			isa = PBXNativeTarget;
			buildConfigurationList = EF163D4C1A7AABBB00BE4461 /* Build configuration list for PBXNativeTarget "iEMI" */;
			buildPhases = (
				EF163D291A7AABBB00BE4461 /* Sources */,
				EF163D2A1A7AABBB00BE4461 /* Frameworks */,
				EF163D2B1A7AABBB00BE4461 /* Resources */,
			);
			buildRules = (
			);
			dependencies = (
			);
			name = iEMI;
			productName = iEMI;
			productReference = EF163D2D1A7AABBB00BE4461 /* iEMI.app */;
			productType = "com.apple.product-type.application";
		};
		EF163D411A7AABBB00BE4461 /* iEMITests */ = {
			isa = PBXNativeTarget;
			buildConfigurationList = EF163D4F1A7AABBB00BE4461 /* Build configuration list for PBXNativeTarget "iEMITests" */;
			buildPhases = (
				EF163D3E1A7AABBB00BE4461 /* Sources */,
				EF163D3F1A7AABBB00BE4461 /* Frameworks */,
				EF163D401A7AABBB00BE4461 /* Resources */,
			);
			buildRules = (
			);
			dependencies = (
				EF163D441A7AABBB00BE4461 /* PBXTargetDependency */,
			);
			name = iEMITests;
			productName = iEMITests;
			productReference = EF163D421A7AABBB00BE4461 /* iEMITests.xctest */;
			productType = "com.apple.product-type.bundle.unit-test";
		};
/* End PBXNativeTarget section */

/* Begin PBXProject section */
		EF163D251A7AABBB00BE4461 /* Project object */ = {
			isa = PBXProject;
			attributes = {
				LastSwiftUpdateCheck = 0700;
				LastUpgradeCheck = 0610;
				ORGANIZATIONNAME = Rowies;
				TargetAttributes = {
					EF163D2C1A7AABBB00BE4461 = {
						CreatedOnToolsVersion = 6.1.1;
						DevelopmentTeam = GHAM634Y6B;
					};
					EF163D411A7AABBB00BE4461 = {
						CreatedOnToolsVersion = 6.1.1;
						TestTargetID = EF163D2C1A7AABBB00BE4461;
					};
				};
			};
			buildConfigurationList = EF163D281A7AABBB00BE4461 /* Build configuration list for PBXProject "iEMI" */;
			compatibilityVersion = "Xcode 3.2";
			developmentRegion = English;
			hasScannedForEncodings = 0;
			knownRegions = (
				en,
				Base,
				es,
			);
			mainGroup = EF163D241A7AABBB00BE4461;
			productRefGroup = EF163D2E1A7AABBB00BE4461 /* Products */;
			projectDirPath = "";
			projectRoot = "";
			targets = (
				EF163D2C1A7AABBB00BE4461 /* iEMI */,
				EF163D411A7AABBB00BE4461 /* iEMITests */,
			);
		};
/* End PBXProject section */

/* Begin PBXResourcesBuildPhase section */
		EF163D2B1A7AABBB00BE4461 /* Resources */ = {
			isa = PBXResourcesBuildPhase;
			buildActionMask = 2147483647;
			files = (
				B5D95C291BBC6F960062E7FA /* SlidingMapView.xib in Resources */,
				EF163D381A7AABBB00BE4461 /* Main.storyboard in Resources */,
				B5CEBD741B6AA34700794CAC /* Images.xcassets in Resources */,
				B58B80C71BCB8C7100C3D2BB /* Localizable.strings in Resources */,
				B5C70D3B1BC4955C0054CC99 /* CreditBalanceView.xib in Resources */,
				EF163D3D1A7AABBB00BE4461 /* LaunchScreen.xib in Resources */,
				B55C0B621BA73DF100C4F0F0 /* LoadingView.xib in Resources */,
				B5497BAF1BD1316C0037EF0C /* InfoPlist.strings in Resources */,
				B58B47C81BC35C8B00CE6221 /* CreditBalanceHeaderView.xib in Resources */,
			);
			runOnlyForDeploymentPostprocessing = 0;
		};
		EF163D401A7AABBB00BE4461 /* Resources */ = {
			isa = PBXResourcesBuildPhase;
			buildActionMask = 2147483647;
			files = (
				B5497BB41BD1316C0037EF0C /* InfoPlist.strings in Resources */,
			);
			runOnlyForDeploymentPostprocessing = 0;
		};
/* End PBXResourcesBuildPhase section */

/* Begin PBXSourcesBuildPhase section */
		EF163D291A7AABBB00BE4461 /* Sources */ = {
			isa = PBXSourcesBuildPhase;
			buildActionMask = 2147483647;
			files = (
				B5D95C2B1BBC6FB50062E7FA /* SlidingMapView.swift in Sources */,
				B5C3675D1A938B1F00851368 /* ParkingInformationViewController.swift in Sources */,
				B5C3675B1A92ACF100851368 /* EndParkingViewController.swift in Sources */,
				B3A490241AAE646200886C25 /* NSDateExtension.swift in Sources */,
				B5974C571B88421F001BAA97 /* ParkingInformationEMIService.swift in Sources */,
				B536E51C1B84F41C00A1D286 /* Parking.swift in Sources */,
				B55C0B641BA73FA300C4F0F0 /* LoadingView.swift in Sources */,
				B536E5181B83C72400A1D286 /* LicensePlate.swift in Sources */,
				B540C4AF1A91C71A00863944 /* CreditoTableViewCell.swift in Sources */,
				B5AD6DCD1B75847400932A26 /* LoginEMIService.swift in Sources */,
				B58B47C61BC3528900CE6221 /* CreditBalanceHeaderView.swift in Sources */,
				B540C4AD1A91C6D000863944 /* ConsumoTableViewCell.swift in Sources */,
				B5C367591A92607500851368 /* Transaction.swift in Sources */,
				B5974C5B1B8922A6001BAA97 /* ParkingCloseEMIService.swift in Sources */,
				B5974C591B89201E001BAA97 /* ParkingCloseService.swift in Sources */,
				B5AD6DC91B754EEE00932A26 /* LoginService.swift in Sources */,
				B58F27861B97721A00E05702 /* CreditBalanceView.swift in Sources */,
				B540C4B21A91C97100863944 /* Credit.swift in Sources */,
				B58F277A1B90EF9500E05702 /* MainTabBarViewController.swift in Sources */,
				B5286EEB1BAB2C9900E47E05 /* NetworkActivityViewController.swift in Sources */,
				B5974C531B883B3B001BAA97 /* ParkingTime.swift in Sources */,
				B540C4B41A91C98800863944 /* Debit.swift in Sources */,
				EFC014EF1A7FFFD00074560F /* LoginViewController.swift in Sources */,
				B536E5141B82F27D00A1D286 /* AccountService.swift in Sources */,
				B5974C551B883BE3001BAA97 /* ParkingLocation.swift in Sources */,
				B53E5E661BA1103C00C66B3B /* Settings.swift in Sources */,
				B5225CA21A959A1E002DF870 /* SettingsViewController.swift in Sources */,
				B536E5161B83006500A1D286 /* AccountEMIService.swift in Sources */,
				B58F277C1B90F2C000E05702 /* EMIColorsExtension.swift in Sources */,
				B5BDAD321A8546F200E31D01 /* BalanceViewController.swift in Sources */,
				B536E51A1B83EF7000A1D286 /* ParkingInformationService.swift in Sources */,
				B5FF34771B865605004603D1 /* ParkingGeneral.swift in Sources */,
				B5CF486B1B829D2000B13EC2 /* Service.swift in Sources */,
				EF163D331A7AABBB00BE4461 /* AppDelegate.swift in Sources */,
				B5CF48671B8257B200B13EC2 /* EMIService.swift in Sources */,
			);
			runOnlyForDeploymentPostprocessing = 0;
		};
		EF163D3E1A7AABBB00BE4461 /* Sources */ = {
			isa = PBXSourcesBuildPhase;
			buildActionMask = 2147483647;
			files = (
				EF163D491A7AABBB00BE4461 /* iEMITests.swift in Sources */,
			);
			runOnlyForDeploymentPostprocessing = 0;
		};
/* End PBXSourcesBuildPhase section */

/* Begin PBXTargetDependency section */
		EF163D441A7AABBB00BE4461 /* PBXTargetDependency */ = {
			isa = PBXTargetDependency;
			target = EF163D2C1A7AABBB00BE4461 /* iEMI */;
			targetProxy = EF163D431A7AABBB00BE4461 /* PBXContainerItemProxy */;
		};
/* End PBXTargetDependency section */

/* Begin PBXVariantGroup section */
		B5497BB11BD1316C0037EF0C /* InfoPlist.strings */ = {
			isa = PBXVariantGroup;
			children = (
				B5497BB01BD1316C0037EF0C /* es */,
			);
			name = InfoPlist.strings;
			sourceTree = "<group>";
		};
		B5497BB61BD1316C0037EF0C /* InfoPlist.strings */ = {
			isa = PBXVariantGroup;
			children = (
				B5497BB51BD1316C0037EF0C /* es */,
			);
			name = InfoPlist.strings;
			sourceTree = "<group>";
		};
		B58B80C91BCB8C7100C3D2BB /* Localizable.strings */ = {
			isa = PBXVariantGroup;
			children = (
				B58B80CB1BCC475800C3D2BB /* es */,
			);
			name = Localizable.strings;
			sourceTree = "<group>";
		};
		B5C70D3D1BC4955C0054CC99 /* CreditBalanceView.xib */ = {
			isa = PBXVariantGroup;
			children = (
				B5C70D3C1BC4955C0054CC99 /* Base */,
				B5497BB71BD1316D0037EF0C /* es */,
			);
			name = CreditBalanceView.xib;
			sourceTree = "<group>";
		};
		EF163D361A7AABBB00BE4461 /* Main.storyboard */ = {
			isa = PBXVariantGroup;
			children = (
				EF163D371A7AABBB00BE4461 /* Base */,
				B58B80CA1BCC475700C3D2BB /* es */,
			);
			name = Main.storyboard;
			sourceTree = "<group>";
		};
		EF163D3B1A7AABBB00BE4461 /* LaunchScreen.xib */ = {
			isa = PBXVariantGroup;
			children = (
				EF163D3C1A7AABBB00BE4461 /* Base */,
				B5497BAC1BD1316C0037EF0C /* es */,
			);
			name = LaunchScreen.xib;
			sourceTree = "<group>";
		};
/* End PBXVariantGroup section */

/* Begin XCBuildConfiguration section */
		EF163D4A1A7AABBB00BE4461 /* Debug */ = {
			isa = XCBuildConfiguration;
			buildSettings = {
				ALWAYS_SEARCH_USER_PATHS = NO;
				CLANG_CXX_LANGUAGE_STANDARD = "gnu++0x";
				CLANG_CXX_LIBRARY = "libc++";
				CLANG_ENABLE_MODULES = YES;
				CLANG_ENABLE_OBJC_ARC = YES;
				CLANG_WARN_BOOL_CONVERSION = YES;
				CLANG_WARN_CONSTANT_CONVERSION = YES;
				CLANG_WARN_DIRECT_OBJC_ISA_USAGE = YES_ERROR;
				CLANG_WARN_EMPTY_BODY = YES;
				CLANG_WARN_ENUM_CONVERSION = YES;
				CLANG_WARN_INT_CONVERSION = YES;
				CLANG_WARN_OBJC_ROOT_CLASS = YES_ERROR;
				CLANG_WARN_UNREACHABLE_CODE = YES;
				CLANG_WARN__DUPLICATE_METHOD_MATCH = YES;
				CODE_SIGN_IDENTITY = "iPhone Developer: Juan Fernando Rowies (K87YE7875X)";
				"CODE_SIGN_IDENTITY[sdk=iphoneos*]" = "iPhone Developer: Juan Fernando Rowies (K87YE7875X)";
				COPY_PHASE_STRIP = NO;
				ENABLE_STRICT_OBJC_MSGSEND = YES;
				GCC_C_LANGUAGE_STANDARD = gnu99;
				GCC_DYNAMIC_NO_PIC = NO;
				GCC_OPTIMIZATION_LEVEL = 0;
				GCC_PREPROCESSOR_DEFINITIONS = (
					"DEBUG=1",
					"$(inherited)",
				);
				GCC_SYMBOLS_PRIVATE_EXTERN = NO;
				GCC_WARN_64_TO_32_BIT_CONVERSION = YES;
				GCC_WARN_ABOUT_RETURN_TYPE = YES_ERROR;
				GCC_WARN_UNDECLARED_SELECTOR = YES;
				GCC_WARN_UNINITIALIZED_AUTOS = YES_AGGRESSIVE;
				GCC_WARN_UNUSED_FUNCTION = YES;
				GCC_WARN_UNUSED_VARIABLE = YES;
				IPHONEOS_DEPLOYMENT_TARGET = 8.1;
				MTL_ENABLE_DEBUG_INFO = YES;
				ONLY_ACTIVE_ARCH = YES;
				PROVISIONING_PROFILE = "007280ee-141b-490b-a121-a21c9da98173";
				SDKROOT = iphoneos;
				SWIFT_OPTIMIZATION_LEVEL = "-Onone";
				TARGETED_DEVICE_FAMILY = 1;
			};
			name = Debug;
		};
		EF163D4B1A7AABBB00BE4461 /* Release */ = {
			isa = XCBuildConfiguration;
			buildSettings = {
				ALWAYS_SEARCH_USER_PATHS = NO;
				CLANG_CXX_LANGUAGE_STANDARD = "gnu++0x";
				CLANG_CXX_LIBRARY = "libc++";
				CLANG_ENABLE_MODULES = YES;
				CLANG_ENABLE_OBJC_ARC = YES;
				CLANG_WARN_BOOL_CONVERSION = YES;
				CLANG_WARN_CONSTANT_CONVERSION = YES;
				CLANG_WARN_DIRECT_OBJC_ISA_USAGE = YES_ERROR;
				CLANG_WARN_EMPTY_BODY = YES;
				CLANG_WARN_ENUM_CONVERSION = YES;
				CLANG_WARN_INT_CONVERSION = YES;
				CLANG_WARN_OBJC_ROOT_CLASS = YES_ERROR;
				CLANG_WARN_UNREACHABLE_CODE = YES;
				CLANG_WARN__DUPLICATE_METHOD_MATCH = YES;
				CODE_SIGN_IDENTITY = "iPhone Distribution: Juan Fernando Rowies (GHAM634Y6B)";
				"CODE_SIGN_IDENTITY[sdk=iphoneos*]" = "iPhone Distribution: Juan Fernando Rowies (GHAM634Y6B)";
				COPY_PHASE_STRIP = YES;
				ENABLE_NS_ASSERTIONS = NO;
				ENABLE_STRICT_OBJC_MSGSEND = YES;
				GCC_C_LANGUAGE_STANDARD = gnu99;
				GCC_WARN_64_TO_32_BIT_CONVERSION = YES;
				GCC_WARN_ABOUT_RETURN_TYPE = YES_ERROR;
				GCC_WARN_UNDECLARED_SELECTOR = YES;
				GCC_WARN_UNINITIALIZED_AUTOS = YES_AGGRESSIVE;
				GCC_WARN_UNUSED_FUNCTION = YES;
				GCC_WARN_UNUSED_VARIABLE = YES;
				IPHONEOS_DEPLOYMENT_TARGET = 8.1;
				MTL_ENABLE_DEBUG_INFO = NO;
				PROVISIONING_PROFILE = "69b754cb-819d-472b-878f-20b59edd2fb1";
				SDKROOT = iphoneos;
				TARGETED_DEVICE_FAMILY = 1;
				VALIDATE_PRODUCT = YES;
			};
			name = Release;
		};
		EF163D4D1A7AABBB00BE4461 /* Debug */ = {
			isa = XCBuildConfiguration;
			buildSettings = {
				ASSETCATALOG_COMPILER_APPICON_NAME = AppIcon;
				CODE_SIGN_IDENTITY = "iPhone Developer: Juan Fernando Rowies (K87YE7875X)";
				"CODE_SIGN_IDENTITY[sdk=iphoneos*]" = "iPhone Developer: Juan Fernando Rowies (K87YE7875X)";
				ENABLE_ON_DEMAND_RESOURCES = NO;
				INFOPLIST_FILE = iEMI/Info.plist;
				LD_RUNPATH_SEARCH_PATHS = "$(inherited) @executable_path/Frameworks";
				PRODUCT_BUNDLE_IDENTIFIER = com.rowiesapps.iemi;
				PRODUCT_NAME = "$(TARGET_NAME)";
				PROVISIONING_PROFILE = "007280ee-141b-490b-a121-a21c9da98173";
				TARGETED_DEVICE_FAMILY = 1;
			};
			name = Debug;
		};
		EF163D4E1A7AABBB00BE4461 /* Release */ = {
			isa = XCBuildConfiguration;
			buildSettings = {
				ASSETCATALOG_COMPILER_APPICON_NAME = AppIcon;
				CODE_SIGN_IDENTITY = "iPhone Distribution: Juan Fernando Rowies (GHAM634Y6B)";
				"CODE_SIGN_IDENTITY[sdk=iphoneos*]" = "iPhone Distribution: Juan Fernando Rowies (GHAM634Y6B)";
				ENABLE_ON_DEMAND_RESOURCES = NO;
				INFOPLIST_FILE = iEMI/Info.plist;
				LD_RUNPATH_SEARCH_PATHS = "$(inherited) @executable_path/Frameworks";
				PRODUCT_BUNDLE_IDENTIFIER = com.rowiesapps.iemi;
				PRODUCT_NAME = "$(TARGET_NAME)";
				PROVISIONING_PROFILE = "69b754cb-819d-472b-878f-20b59edd2fb1";
				TARGETED_DEVICE_FAMILY = 1;
			};
			name = Release;
		};
		EF163D501A7AABBB00BE4461 /* Debug */ = {
			isa = XCBuildConfiguration;
			buildSettings = {
				CODE_SIGN_IDENTITY = "iPhone Developer";
				FRAMEWORK_SEARCH_PATHS = (
					"$(SDKROOT)/Developer/Library/Frameworks",
					"$(inherited)",
				);
				GCC_PREPROCESSOR_DEFINITIONS = (
					"DEBUG=1",
					"$(inherited)",
				);
				INFOPLIST_FILE = iEMITests/Info.plist;
				LD_RUNPATH_SEARCH_PATHS = "$(inherited) @executable_path/Frameworks @loader_path/Frameworks";
				PRODUCT_NAME = "$(TARGET_NAME)";
				PROVISIONING_PROFILE = "";
				TEST_HOST = "$(BUILT_PRODUCTS_DIR)/iEMI.app/iEMI";
			};
			name = Debug;
		};
		EF163D511A7AABBB00BE4461 /* Release */ = {
			isa = XCBuildConfiguration;
			buildSettings = {
				CODE_SIGN_IDENTITY = "iPhone Developer";
				FRAMEWORK_SEARCH_PATHS = (
					"$(SDKROOT)/Developer/Library/Frameworks",
					"$(inherited)",
				);
				INFOPLIST_FILE = iEMITests/Info.plist;
				LD_RUNPATH_SEARCH_PATHS = "$(inherited) @executable_path/Frameworks @loader_path/Frameworks";
				PRODUCT_NAME = "$(TARGET_NAME)";
				PROVISIONING_PROFILE = "";
				TEST_HOST = "$(BUILT_PRODUCTS_DIR)/iEMI.app/iEMI";
			};
			name = Release;
		};
/* End XCBuildConfiguration section */

/* Begin XCConfigurationList section */
		EF163D281A7AABBB00BE4461 /* Build configuration list for PBXProject "iEMI" */ = {
			isa = XCConfigurationList;
			buildConfigurations = (
				EF163D4A1A7AABBB00BE4461 /* Debug */,
				EF163D4B1A7AABBB00BE4461 /* Release */,
			);
			defaultConfigurationIsVisible = 0;
			defaultConfigurationName = Release;
		};
		EF163D4C1A7AABBB00BE4461 /* Build configuration list for PBXNativeTarget "iEMI" */ = {
			isa = XCConfigurationList;
			buildConfigurations = (
				EF163D4D1A7AABBB00BE4461 /* Debug */,
				EF163D4E1A7AABBB00BE4461 /* Release */,
			);
			defaultConfigurationIsVisible = 0;
			defaultConfigurationName = Release;
		};
		EF163D4F1A7AABBB00BE4461 /* Build configuration list for PBXNativeTarget "iEMITests" */ = {
			isa = XCConfigurationList;
			buildConfigurations = (
				EF163D501A7AABBB00BE4461 /* Debug */,
				EF163D511A7AABBB00BE4461 /* Release */,
			);
			defaultConfigurationIsVisible = 0;
			defaultConfigurationName = Release;
		};
/* End XCConfigurationList section */
	};
	rootObject = EF163D251A7AABBB00BE4461 /* Project object */;
}
